// !$*UTF8*$!
{
	archiveVersion = 1;
	classes = {
	};
	objectVersion = 46;
	objects = {

/* Begin PBXBuildFile section */
		0D4712BF056042E4491062F2 /* Pods_StrizhApp.framework in Frameworks */ = {isa = PBXBuildFile; fileRef = 277E51B2F6F272FF051A01F5 /* Pods_StrizhApp.framework */; };
		D40A6BE61E3AA7DB00F1D218 /* Router.swift in Sources */ = {isa = PBXBuildFile; fileRef = D40A6BE51E3AA7DB00F1D218 /* Router.swift */; };
		D40A6BE81E3AA7FB00F1D218 /* Extensions.swift in Sources */ = {isa = PBXBuildFile; fileRef = D40A6BE71E3AA7FB00F1D218 /* Extensions.swift */; };
		D491AD731E33AD3B00B258C6 /* Registration.swift in Sources */ = {isa = PBXBuildFile; fileRef = D491AD721E33AD3B00B258C6 /* Registration.swift */; };
		D49545CC1E3CF46200EDCF01 /* STLoginAvatarTableViewCell.swift in Sources */ = {isa = PBXBuildFile; fileRef = D49545CA1E3CF46200EDCF01 /* STLoginAvatarTableViewCell.swift */; };
		D49545CD1E3CF46200EDCF01 /* STLoginAvatarTableViewCell.xib in Resources */ = {isa = PBXBuildFile; fileRef = D49545CB1E3CF46200EDCF01 /* STLoginAvatarTableViewCell.xib */; };
		D49545D01E3D064700EDCF01 /* STLoginTextTableViewCell.swift in Sources */ = {isa = PBXBuildFile; fileRef = D49545CE1E3D064700EDCF01 /* STLoginTextTableViewCell.swift */; };
		D49545D11E3D064700EDCF01 /* STLoginTextTableViewCell.xib in Resources */ = {isa = PBXBuildFile; fileRef = D49545CF1E3D064700EDCF01 /* STLoginTextTableViewCell.xib */; };
		D49545D41E3D0B8800EDCF01 /* STLoginSeparatorTableViewCell.swift in Sources */ = {isa = PBXBuildFile; fileRef = D49545D21E3D0B8800EDCF01 /* STLoginSeparatorTableViewCell.swift */; };
		D49545D51E3D0B8800EDCF01 /* STLoginSeparatorTableViewCell.xib in Resources */ = {isa = PBXBuildFile; fileRef = D49545D31E3D0B8800EDCF01 /* STLoginSeparatorTableViewCell.xib */; };
		D49726FB1E32BDA50076B7A1 /* AppDelegate.swift in Sources */ = {isa = PBXBuildFile; fileRef = D49726FA1E32BDA50076B7A1 /* AppDelegate.swift */; };
		D49726FD1E32BDA50076B7A1 /* FirstViewController.swift in Sources */ = {isa = PBXBuildFile; fileRef = D49726FC1E32BDA50076B7A1 /* FirstViewController.swift */; };
		D49726FF1E32BDA50076B7A1 /* SecondViewController.swift in Sources */ = {isa = PBXBuildFile; fileRef = D49726FE1E32BDA50076B7A1 /* SecondViewController.swift */; };
		D49727021E32BDA50076B7A1 /* Main.storyboard in Resources */ = {isa = PBXBuildFile; fileRef = D49727001E32BDA50076B7A1 /* Main.storyboard */; };
		D49727041E32BDA50076B7A1 /* Assets.xcassets in Resources */ = {isa = PBXBuildFile; fileRef = D49727031E32BDA50076B7A1 /* Assets.xcassets */; };
		D49727071E32BDA50076B7A1 /* LaunchScreen.storyboard in Resources */ = {isa = PBXBuildFile; fileRef = D49727051E32BDA50076B7A1 /* LaunchScreen.storyboard */; };
		D49727101E32C8210076B7A1 /* STWebSocket.swift in Sources */ = {isa = PBXBuildFile; fileRef = D497270F1E32C8210076B7A1 /* STWebSocket.swift */; };
		D49727131E32CA8B0076B7A1 /* STError.swift in Sources */ = {isa = PBXBuildFile; fileRef = D49727121E32CA8B0076B7A1 /* STError.swift */; };
		D49727171E32D2750076B7A1 /* PRemoteServerApi.swift in Sources */ = {isa = PBXBuildFile; fileRef = D49727161E32D2750076B7A1 /* PRemoteServerApi.swift */; };
		D497271B1E32D9BD0076B7A1 /* STServerApi.swift in Sources */ = {isa = PBXBuildFile; fileRef = D497271A1E32D9BD0076B7A1 /* STServerApi.swift */; };
		D497271E1E32DC700076B7A1 /* PDBConfiguration.swift in Sources */ = {isa = PBXBuildFile; fileRef = D497271D1E32DC700076B7A1 /* PDBConfiguration.swift */; };
		D49727201E32DCAC0076B7A1 /* STRealmConfiguration.swift in Sources */ = {isa = PBXBuildFile; fileRef = D497271F1E32DCAC0076B7A1 /* STRealmConfiguration.swift */; };
		D49727221E32DF300076B7A1 /* Session.swift in Sources */ = {isa = PBXBuildFile; fileRef = D49727211E32DF300076B7A1 /* Session.swift */; };
		D49727241E32E3CC0076B7A1 /* STAuthorizationError.swift in Sources */ = {isa = PBXBuildFile; fileRef = D49727231E32E3CC0076B7A1 /* STAuthorizationError.swift */; };
		D497AB4C1E3BE53A006A393D /* CollectionSection.swift in Sources */ = {isa = PBXBuildFile; fileRef = D497AB461E3BE53A006A393D /* CollectionSection.swift */; };
		D497AB4D1E3BE53A006A393D /* CollectionSectionItem.swift in Sources */ = {isa = PBXBuildFile; fileRef = D497AB471E3BE53A006A393D /* CollectionSectionItem.swift */; };
		D497AB4E1E3BE53A006A393D /* GenericCollectionSection.swift in Sources */ = {isa = PBXBuildFile; fileRef = D497AB481E3BE53A006A393D /* GenericCollectionSection.swift */; };
		D497AB4F1E3BE53A006A393D /* GenericCollectionSectionItem.swift in Sources */ = {isa = PBXBuildFile; fileRef = D497AB491E3BE53A006A393D /* GenericCollectionSectionItem.swift */; };
		D497AB501E3BE53A006A393D /* GenericTableViewDataSource.swift in Sources */ = {isa = PBXBuildFile; fileRef = D497AB4A1E3BE53A006A393D /* GenericTableViewDataSource.swift */; };
		D497AB511E3BE53A006A393D /* TableViewDataSource.swift in Sources */ = {isa = PBXBuildFile; fileRef = D497AB4B1E3BE53A006A393D /* TableViewDataSource.swift */; };
		D497AB531E3BE7C0006A393D /* CountdownTimer.swift in Sources */ = {isa = PBXBuildFile; fileRef = D497AB521E3BE7C0006A393D /* CountdownTimer.swift */; };
		E53185DE1E35DF8600BC6C9A /* AppSettings.swift in Sources */ = {isa = PBXBuildFile; fileRef = E53185DD1E35DF8600BC6C9A /* AppSettings.swift */; };
		E53185E21E35E5A200BC6C9A /* GoogleService-Info.plist in Resources */ = {isa = PBXBuildFile; fileRef = E53185E11E35E5A200BC6C9A /* GoogleService-Info.plist */; };
		E53185E41E35E71900BC6C9A /* strizhapp-78ed2-firebase-crashreporting-fglbu-7f0e978c0f.json in Resources */ = {isa = PBXBuildFile; fileRef = E53185E31E35E71900BC6C9A /* strizhapp-78ed2-firebase-crashreporting-fglbu-7f0e978c0f.json */; };
		E53185E81E3609B700BC6C9A /* STSingUpTableViewController.swift in Sources */ = {isa = PBXBuildFile; fileRef = E53185E71E3609B700BC6C9A /* STSingUpTableViewController.swift */; };
		E53185F71E3612EF00BC6C9A /* STLoadingStatusEnum.swift in Sources */ = {isa = PBXBuildFile; fileRef = E53185F01E3612EF00BC6C9A /* STLoadingStatusEnum.swift */; };
		E53185FE1E364AE700BC6C9A /* STLoginTableViewCell.swift in Sources */ = {isa = PBXBuildFile; fileRef = E53185FC1E364AE700BC6C9A /* STLoginTableViewCell.swift */; };
		E53185FF1E364AE700BC6C9A /* STLoginTableViewCell.xib in Resources */ = {isa = PBXBuildFile; fileRef = E53185FD1E364AE700BC6C9A /* STLoginTableViewCell.xib */; };
		E53F37BD1E3A632C00393BAD /* STLoginLogoTableViewCell.swift in Sources */ = {isa = PBXBuildFile; fileRef = E53F37BB1E3A632C00393BAD /* STLoginLogoTableViewCell.swift */; };
		E53F37BE1E3A632C00393BAD /* STLoginLogoTableViewCell.xib in Resources */ = {isa = PBXBuildFile; fileRef = E53F37BC1E3A632C00393BAD /* STLoginLogoTableViewCell.xib */; };
		E53F37C01E3A6ADD00393BAD /* STSingUpNavigationController.swift in Sources */ = {isa = PBXBuildFile; fileRef = E53F37BF1E3A6ADD00393BAD /* STSingUpNavigationController.swift */; };
		E53F37C31E3A75F900393BAD /* KeyboardNotificationListener.swift in Sources */ = {isa = PBXBuildFile; fileRef = E53F37C21E3A75F900393BAD /* KeyboardNotificationListener.swift */; };
		E54D88F41E3BB579005233DB /* RealmExtensions.swift in Sources */ = {isa = PBXBuildFile; fileRef = E54D88F31E3BB579005233DB /* RealmExtensions.swift */; };
/* End PBXBuildFile section */

/* Begin PBXFileReference section */
		277E51B2F6F272FF051A01F5 /* Pods_StrizhApp.framework */ = {isa = PBXFileReference; explicitFileType = wrapper.framework; includeInIndex = 0; path = Pods_StrizhApp.framework; sourceTree = BUILT_PRODUCTS_DIR; };
		3E8A8787F4373C051854C7D5 /* Pods-StrizhApp.debug.xcconfig */ = {isa = PBXFileReference; includeInIndex = 1; lastKnownFileType = text.xcconfig; name = "Pods-StrizhApp.debug.xcconfig"; path = "Pods/Target Support Files/Pods-StrizhApp/Pods-StrizhApp.debug.xcconfig"; sourceTree = "<group>"; };
		D40A6BE51E3AA7DB00F1D218 /* Router.swift */ = {isa = PBXFileReference; fileEncoding = 4; lastKnownFileType = sourcecode.swift; name = Router.swift; path = Extensions/Router.swift; sourceTree = "<group>"; };
		D40A6BE71E3AA7FB00F1D218 /* Extensions.swift */ = {isa = PBXFileReference; fileEncoding = 4; lastKnownFileType = sourcecode.swift; name = Extensions.swift; path = Extensions/Extensions.swift; sourceTree = "<group>"; };
		D491AD721E33AD3B00B258C6 /* Registration.swift */ = {isa = PBXFileReference; fileEncoding = 4; lastKnownFileType = sourcecode.swift; name = Registration.swift; path = ResponseModels/Registration.swift; sourceTree = "<group>"; };
		D49545CA1E3CF46200EDCF01 /* STLoginAvatarTableViewCell.swift */ = {isa = PBXFileReference; fileEncoding = 4; lastKnownFileType = sourcecode.swift; name = STLoginAvatarTableViewCell.swift; path = SignUp/STLoginAvatarTableViewCell.swift; sourceTree = "<group>"; };
		D49545CB1E3CF46200EDCF01 /* STLoginAvatarTableViewCell.xib */ = {isa = PBXFileReference; fileEncoding = 4; lastKnownFileType = file.xib; name = STLoginAvatarTableViewCell.xib; path = SignUp/STLoginAvatarTableViewCell.xib; sourceTree = "<group>"; };
		D49545CE1E3D064700EDCF01 /* STLoginTextTableViewCell.swift */ = {isa = PBXFileReference; fileEncoding = 4; lastKnownFileType = sourcecode.swift; name = STLoginTextTableViewCell.swift; path = SignUp/STLoginTextTableViewCell.swift; sourceTree = "<group>"; };
		D49545CF1E3D064700EDCF01 /* STLoginTextTableViewCell.xib */ = {isa = PBXFileReference; fileEncoding = 4; lastKnownFileType = file.xib; name = STLoginTextTableViewCell.xib; path = SignUp/STLoginTextTableViewCell.xib; sourceTree = "<group>"; };
		D49545D21E3D0B8800EDCF01 /* STLoginSeparatorTableViewCell.swift */ = {isa = PBXFileReference; fileEncoding = 4; lastKnownFileType = sourcecode.swift; path = STLoginSeparatorTableViewCell.swift; sourceTree = "<group>"; };
		D49545D31E3D0B8800EDCF01 /* STLoginSeparatorTableViewCell.xib */ = {isa = PBXFileReference; fileEncoding = 4; lastKnownFileType = file.xib; path = STLoginSeparatorTableViewCell.xib; sourceTree = "<group>"; };
		D49726F71E32BDA50076B7A1 /* StrizhApp.app */ = {isa = PBXFileReference; explicitFileType = wrapper.application; includeInIndex = 0; path = StrizhApp.app; sourceTree = BUILT_PRODUCTS_DIR; };
		D49726FA1E32BDA50076B7A1 /* AppDelegate.swift */ = {isa = PBXFileReference; lastKnownFileType = sourcecode.swift; path = AppDelegate.swift; sourceTree = "<group>"; };
		D49726FC1E32BDA50076B7A1 /* FirstViewController.swift */ = {isa = PBXFileReference; lastKnownFileType = sourcecode.swift; path = FirstViewController.swift; sourceTree = "<group>"; };
		D49726FE1E32BDA50076B7A1 /* SecondViewController.swift */ = {isa = PBXFileReference; lastKnownFileType = sourcecode.swift; path = SecondViewController.swift; sourceTree = "<group>"; };
		D49727011E32BDA50076B7A1 /* Base */ = {isa = PBXFileReference; lastKnownFileType = file.storyboard; name = Base; path = Base.lproj/Main.storyboard; sourceTree = "<group>"; };
		D49727031E32BDA50076B7A1 /* Assets.xcassets */ = {isa = PBXFileReference; lastKnownFileType = folder.assetcatalog; path = Assets.xcassets; sourceTree = "<group>"; };
		D49727061E32BDA50076B7A1 /* Base */ = {isa = PBXFileReference; lastKnownFileType = file.storyboard; name = Base; path = Base.lproj/LaunchScreen.storyboard; sourceTree = "<group>"; };
		D49727081E32BDA50076B7A1 /* Info.plist */ = {isa = PBXFileReference; lastKnownFileType = text.plist.xml; path = Info.plist; sourceTree = "<group>"; };
		D497270F1E32C8210076B7A1 /* STWebSocket.swift */ = {isa = PBXFileReference; fileEncoding = 4; lastKnownFileType = sourcecode.swift; name = STWebSocket.swift; path = WebSocket/STWebSocket.swift; sourceTree = "<group>"; };
		D49727121E32CA8B0076B7A1 /* STError.swift */ = {isa = PBXFileReference; fileEncoding = 4; lastKnownFileType = sourcecode.swift; name = STError.swift; path = Errors/STError.swift; sourceTree = "<group>"; };
		D49727161E32D2750076B7A1 /* PRemoteServerApi.swift */ = {isa = PBXFileReference; fileEncoding = 4; lastKnownFileType = sourcecode.swift; name = PRemoteServerApi.swift; path = ServerApi/PRemoteServerApi.swift; sourceTree = "<group>"; };
		D497271A1E32D9BD0076B7A1 /* STServerApi.swift */ = {isa = PBXFileReference; fileEncoding = 4; lastKnownFileType = sourcecode.swift; name = STServerApi.swift; path = ServerApi/STServerApi.swift; sourceTree = "<group>"; };
		D497271D1E32DC700076B7A1 /* PDBConfiguration.swift */ = {isa = PBXFileReference; fileEncoding = 4; lastKnownFileType = sourcecode.swift; name = PDBConfiguration.swift; path = DataBase/PDBConfiguration.swift; sourceTree = "<group>"; };
		D497271F1E32DCAC0076B7A1 /* STRealmConfiguration.swift */ = {isa = PBXFileReference; fileEncoding = 4; lastKnownFileType = sourcecode.swift; name = STRealmConfiguration.swift; path = DataBase/STRealmConfiguration.swift; sourceTree = "<group>"; };
		D49727211E32DF300076B7A1 /* Session.swift */ = {isa = PBXFileReference; fileEncoding = 4; lastKnownFileType = sourcecode.swift; name = Session.swift; path = ResponseModels/Session.swift; sourceTree = "<group>"; };
		D49727231E32E3CC0076B7A1 /* STAuthorizationError.swift */ = {isa = PBXFileReference; fileEncoding = 4; lastKnownFileType = sourcecode.swift; name = STAuthorizationError.swift; path = Errors/STAuthorizationError.swift; sourceTree = "<group>"; };
		D497AB461E3BE53A006A393D /* CollectionSection.swift */ = {isa = PBXFileReference; fileEncoding = 4; lastKnownFileType = sourcecode.swift; name = CollectionSection.swift; path = DataSource/CollectionSection.swift; sourceTree = "<group>"; };
		D497AB471E3BE53A006A393D /* CollectionSectionItem.swift */ = {isa = PBXFileReference; fileEncoding = 4; lastKnownFileType = sourcecode.swift; name = CollectionSectionItem.swift; path = DataSource/CollectionSectionItem.swift; sourceTree = "<group>"; };
		D497AB481E3BE53A006A393D /* GenericCollectionSection.swift */ = {isa = PBXFileReference; fileEncoding = 4; lastKnownFileType = sourcecode.swift; name = GenericCollectionSection.swift; path = DataSource/GenericCollectionSection.swift; sourceTree = "<group>"; };
		D497AB491E3BE53A006A393D /* GenericCollectionSectionItem.swift */ = {isa = PBXFileReference; fileEncoding = 4; lastKnownFileType = sourcecode.swift; name = GenericCollectionSectionItem.swift; path = DataSource/GenericCollectionSectionItem.swift; sourceTree = "<group>"; };
		D497AB4A1E3BE53A006A393D /* GenericTableViewDataSource.swift */ = {isa = PBXFileReference; fileEncoding = 4; lastKnownFileType = sourcecode.swift; name = GenericTableViewDataSource.swift; path = DataSource/GenericTableViewDataSource.swift; sourceTree = "<group>"; };
		D497AB4B1E3BE53A006A393D /* TableViewDataSource.swift */ = {isa = PBXFileReference; fileEncoding = 4; lastKnownFileType = sourcecode.swift; name = TableViewDataSource.swift; path = DataSource/TableViewDataSource.swift; sourceTree = "<group>"; };
		D497AB521E3BE7C0006A393D /* CountdownTimer.swift */ = {isa = PBXFileReference; fileEncoding = 4; lastKnownFileType = sourcecode.swift; path = CountdownTimer.swift; sourceTree = "<group>"; };
		E53185DD1E35DF8600BC6C9A /* AppSettings.swift */ = {isa = PBXFileReference; fileEncoding = 4; lastKnownFileType = sourcecode.swift; name = AppSettings.swift; path = AppSettings/AppSettings.swift; sourceTree = "<group>"; };
		E53185E11E35E5A200BC6C9A /* GoogleService-Info.plist */ = {isa = PBXFileReference; fileEncoding = 4; lastKnownFileType = text.plist.xml; path = "GoogleService-Info.plist"; sourceTree = "<group>"; };
		E53185E31E35E71900BC6C9A /* strizhapp-78ed2-firebase-crashreporting-fglbu-7f0e978c0f.json */ = {isa = PBXFileReference; fileEncoding = 4; lastKnownFileType = text.json; path = "strizhapp-78ed2-firebase-crashreporting-fglbu-7f0e978c0f.json"; sourceTree = "<group>"; };
		E53185E71E3609B700BC6C9A /* STSingUpTableViewController.swift */ = {isa = PBXFileReference; fileEncoding = 4; lastKnownFileType = sourcecode.swift; name = STSingUpTableViewController.swift; path = SignUp/STSingUpTableViewController.swift; sourceTree = "<group>"; };
		E53185F01E3612EF00BC6C9A /* STLoadingStatusEnum.swift */ = {isa = PBXFileReference; fileEncoding = 4; lastKnownFileType = sourcecode.swift; path = STLoadingStatusEnum.swift; sourceTree = "<group>"; };
		E53185FC1E364AE700BC6C9A /* STLoginTableViewCell.swift */ = {isa = PBXFileReference; fileEncoding = 4; lastKnownFileType = sourcecode.swift; name = STLoginTableViewCell.swift; path = SignUp/STLoginTableViewCell.swift; sourceTree = "<group>"; };
		E53185FD1E364AE700BC6C9A /* STLoginTableViewCell.xib */ = {isa = PBXFileReference; fileEncoding = 4; lastKnownFileType = file.xib; name = STLoginTableViewCell.xib; path = SignUp/STLoginTableViewCell.xib; sourceTree = "<group>"; };
		E53F37BB1E3A632C00393BAD /* STLoginLogoTableViewCell.swift */ = {isa = PBXFileReference; fileEncoding = 4; lastKnownFileType = sourcecode.swift; name = STLoginLogoTableViewCell.swift; path = SignUp/STLoginLogoTableViewCell.swift; sourceTree = "<group>"; };
		E53F37BC1E3A632C00393BAD /* STLoginLogoTableViewCell.xib */ = {isa = PBXFileReference; fileEncoding = 4; lastKnownFileType = file.xib; name = STLoginLogoTableViewCell.xib; path = SignUp/STLoginLogoTableViewCell.xib; sourceTree = "<group>"; };
		E53F37BF1E3A6ADD00393BAD /* STSingUpNavigationController.swift */ = {isa = PBXFileReference; fileEncoding = 4; lastKnownFileType = sourcecode.swift; name = STSingUpNavigationController.swift; path = SignUp/STSingUpNavigationController.swift; sourceTree = "<group>"; };
		E53F37C21E3A75F900393BAD /* KeyboardNotificationListener.swift */ = {isa = PBXFileReference; fileEncoding = 4; lastKnownFileType = sourcecode.swift; path = KeyboardNotificationListener.swift; sourceTree = "<group>"; };
		E54D88F31E3BB579005233DB /* RealmExtensions.swift */ = {isa = PBXFileReference; fileEncoding = 4; lastKnownFileType = sourcecode.swift; name = RealmExtensions.swift; path = Extensions/RealmExtensions.swift; sourceTree = "<group>"; };
		F00E8042FB9C8BEBFEB8BA5E /* Pods-StrizhApp.release.xcconfig */ = {isa = PBXFileReference; includeInIndex = 1; lastKnownFileType = text.xcconfig; name = "Pods-StrizhApp.release.xcconfig"; path = "Pods/Target Support Files/Pods-StrizhApp/Pods-StrizhApp.release.xcconfig"; sourceTree = "<group>"; };
/* End PBXFileReference section */

/* Begin PBXFrameworksBuildPhase section */
		D49726F41E32BDA50076B7A1 /* Frameworks */ = {
			isa = PBXFrameworksBuildPhase;
			buildActionMask = 2147483647;
			files = (
				0D4712BF056042E4491062F2 /* Pods_StrizhApp.framework in Frameworks */,
			);
			runOnlyForDeploymentPostprocessing = 0;
		};
/* End PBXFrameworksBuildPhase section */

/* Begin PBXGroup section */
		8076508875A9EAA67D0F34E2 /* Frameworks */ = {
			isa = PBXGroup;
			children = (
				277E51B2F6F272FF051A01F5 /* Pods_StrizhApp.framework */,
			);
			name = Frameworks;
			sourceTree = "<group>";
		};
		D49726EE1E32BDA50076B7A1 = {
			isa = PBXGroup;
			children = (
				D49726F91E32BDA50076B7A1 /* StrizhApp */,
				D49726F81E32BDA50076B7A1 /* Products */,
				FDD52C1D4865C815C5FA8996 /* Pods */,
				8076508875A9EAA67D0F34E2 /* Frameworks */,
			);
			sourceTree = "<group>";
		};
		D49726F81E32BDA50076B7A1 /* Products */ = {
			isa = PBXGroup;
			children = (
				D49726F71E32BDA50076B7A1 /* StrizhApp.app */,
			);
			name = Products;
			sourceTree = "<group>";
		};
		D49726F91E32BDA50076B7A1 /* StrizhApp */ = {
			isa = PBXGroup;
			children = (
				E53F37C11E3A75E200393BAD /* Helpers */,
				E53185E91E3612D600BC6C9A /* DataSource */,
				E53185E61E36097100BC6C9A /* SingUp */,
				E53185DC1E35DF5500BC6C9A /* AppSettings */,
				D49727251E32F34F0076B7A1 /* Extensions */,
				D497271C1E32DC380076B7A1 /* DataBase */,
				D49727151E32D21C0076B7A1 /* ServerApi */,
				D49727141E32CF5B0076B7A1 /* ResponseModels */,
				D49727111E32CA4B0076B7A1 /* Errors */,
				D497270E1E32C7E20076B7A1 /* WebSocket */,
				D49726FA1E32BDA50076B7A1 /* AppDelegate.swift */,
				D49726FC1E32BDA50076B7A1 /* FirstViewController.swift */,
				D49726FE1E32BDA50076B7A1 /* SecondViewController.swift */,
				E53185F01E3612EF00BC6C9A /* STLoadingStatusEnum.swift */,
				E53185E11E35E5A200BC6C9A /* GoogleService-Info.plist */,
				E53185E31E35E71900BC6C9A /* strizhapp-78ed2-firebase-crashreporting-fglbu-7f0e978c0f.json */,
				D49727001E32BDA50076B7A1 /* Main.storyboard */,
				D49727031E32BDA50076B7A1 /* Assets.xcassets */,
				D49727051E32BDA50076B7A1 /* LaunchScreen.storyboard */,
				D49727081E32BDA50076B7A1 /* Info.plist */,
			);
			path = StrizhApp;
			sourceTree = "<group>";
		};
		D497270E1E32C7E20076B7A1 /* WebSocket */ = {
			isa = PBXGroup;
			children = (
				D497270F1E32C8210076B7A1 /* STWebSocket.swift */,
			);
			name = WebSocket;
			sourceTree = "<group>";
		};
		D49727111E32CA4B0076B7A1 /* Errors */ = {
			isa = PBXGroup;
			children = (
				D49727121E32CA8B0076B7A1 /* STError.swift */,
				D49727231E32E3CC0076B7A1 /* STAuthorizationError.swift */,
			);
			name = Errors;
			sourceTree = "<group>";
		};
		D49727141E32CF5B0076B7A1 /* ResponseModels */ = {
			isa = PBXGroup;
			children = (
				D49727211E32DF300076B7A1 /* Session.swift */,
				D491AD721E33AD3B00B258C6 /* Registration.swift */,
			);
			name = ResponseModels;
			sourceTree = "<group>";
		};
		D49727151E32D21C0076B7A1 /* ServerApi */ = {
			isa = PBXGroup;
			children = (
				D49727161E32D2750076B7A1 /* PRemoteServerApi.swift */,
				D497271A1E32D9BD0076B7A1 /* STServerApi.swift */,
			);
			name = ServerApi;
			sourceTree = "<group>";
		};
		D497271C1E32DC380076B7A1 /* DataBase */ = {
			isa = PBXGroup;
			children = (
				D497271D1E32DC700076B7A1 /* PDBConfiguration.swift */,
				D497271F1E32DCAC0076B7A1 /* STRealmConfiguration.swift */,
			);
			name = DataBase;
			sourceTree = "<group>";
		};
		D49727251E32F34F0076B7A1 /* Extensions */ = {
			isa = PBXGroup;
			children = (
				D40A6BE71E3AA7FB00F1D218 /* Extensions.swift */,
				D40A6BE51E3AA7DB00F1D218 /* Router.swift */,
				E54D88F31E3BB579005233DB /* RealmExtensions.swift */,
			);
			name = Extensions;
			sourceTree = "<group>";
		};
		E53185DC1E35DF5500BC6C9A /* AppSettings */ = {
			isa = PBXGroup;
			children = (
				E53185DD1E35DF8600BC6C9A /* AppSettings.swift */,
			);
			name = AppSettings;
			sourceTree = "<group>";
		};
		E53185E61E36097100BC6C9A /* SingUp */ = {
			isa = PBXGroup;
			children = (
				E53185F91E362B7A00BC6C9A /* Views */,
				E53185F81E362B6B00BC6C9A /* Controllers */,
			);
			name = SingUp;
			sourceTree = "<group>";
		};
		E53185E91E3612D600BC6C9A /* DataSource */ = {
			isa = PBXGroup;
			children = (
				D497AB461E3BE53A006A393D /* CollectionSection.swift */,
				D497AB471E3BE53A006A393D /* CollectionSectionItem.swift */,
				D497AB481E3BE53A006A393D /* GenericCollectionSection.swift */,
				D497AB491E3BE53A006A393D /* GenericCollectionSectionItem.swift */,
				D497AB4A1E3BE53A006A393D /* GenericTableViewDataSource.swift */,
				D497AB4B1E3BE53A006A393D /* TableViewDataSource.swift */,
			);
			name = DataSource;
			sourceTree = "<group>";
		};
		E53185F81E362B6B00BC6C9A /* Controllers */ = {
			isa = PBXGroup;
			children = (
				E53185E71E3609B700BC6C9A /* STSingUpTableViewController.swift */,
				E53F37BF1E3A6ADD00393BAD /* STSingUpNavigationController.swift */,
			);
			name = Controllers;
			sourceTree = "<group>";
		};
		E53185F91E362B7A00BC6C9A /* Views */ = {
			isa = PBXGroup;
			children = (
				E53185FC1E364AE700BC6C9A /* STLoginTableViewCell.swift */,
				E53185FD1E364AE700BC6C9A /* STLoginTableViewCell.xib */,
				E53F37BB1E3A632C00393BAD /* STLoginLogoTableViewCell.swift */,
				E53F37BC1E3A632C00393BAD /* STLoginLogoTableViewCell.xib */,
				D49545CA1E3CF46200EDCF01 /* STLoginAvatarTableViewCell.swift */,
				D49545CB1E3CF46200EDCF01 /* STLoginAvatarTableViewCell.xib */,
				D49545CE1E3D064700EDCF01 /* STLoginTextTableViewCell.swift */,
				D49545CF1E3D064700EDCF01 /* STLoginTextTableViewCell.xib */,
				D49545D21E3D0B8800EDCF01 /* STLoginSeparatorTableViewCell.swift */,
				D49545D31E3D0B8800EDCF01 /* STLoginSeparatorTableViewCell.xib */,
			);
			name = Views;
			sourceTree = "<group>";
		};
		E53F37C11E3A75E200393BAD /* Helpers */ = {
			isa = PBXGroup;
			children = (
				D497AB521E3BE7C0006A393D /* CountdownTimer.swift */,
				E53F37C21E3A75F900393BAD /* KeyboardNotificationListener.swift */,
			);
			name = Helpers;
			sourceTree = "<group>";
		};
		FDD52C1D4865C815C5FA8996 /* Pods */ = {
			isa = PBXGroup;
			children = (
				3E8A8787F4373C051854C7D5 /* Pods-StrizhApp.debug.xcconfig */,
				F00E8042FB9C8BEBFEB8BA5E /* Pods-StrizhApp.release.xcconfig */,
			);
			name = Pods;
			sourceTree = "<group>";
		};
/* End PBXGroup section */

/* Begin PBXNativeTarget section */
		D49726F61E32BDA50076B7A1 /* StrizhApp */ = {
			isa = PBXNativeTarget;
			buildConfigurationList = D497270B1E32BDA50076B7A1 /* Build configuration list for PBXNativeTarget "StrizhApp" */;
			buildPhases = (
				B9E4773C0C9B395BCF5B174C /* [CP] Check Pods Manifest.lock */,
				D49726F31E32BDA50076B7A1 /* Sources */,
				D49726F41E32BDA50076B7A1 /* Frameworks */,
				D49726F51E32BDA50076B7A1 /* Resources */,
				17190BFA52DEF46BDCFF6DA8 /* [CP] Embed Pods Frameworks */,
				4A24ED632928005EEA7F7AEA /* [CP] Copy Pods Resources */,
				E53185E51E35E72A00BC6C9A /* ShellScript */,
			);
			buildRules = (
			);
			dependencies = (
			);
			name = StrizhApp;
			productName = StrizhApp;
			productReference = D49726F71E32BDA50076B7A1 /* StrizhApp.app */;
			productType = "com.apple.product-type.application";
		};
/* End PBXNativeTarget section */

/* Begin PBXProject section */
		D49726EF1E32BDA50076B7A1 /* Project object */ = {
			isa = PBXProject;
			attributes = {
				LastSwiftUpdateCheck = 0820;
				LastUpgradeCheck = 0820;
				ORGANIZATIONNAME = "Vladimir Kokhanevich";
				TargetAttributes = {
					D49726F61E32BDA50076B7A1 = {
						CreatedOnToolsVersion = 8.2.1;
						DevelopmentTeam = KNW26GDP3V;
						ProvisioningStyle = Automatic;
					};
				};
			};
			buildConfigurationList = D49726F21E32BDA50076B7A1 /* Build configuration list for PBXProject "StrizhApp" */;
			compatibilityVersion = "Xcode 3.2";
			developmentRegion = English;
			hasScannedForEncodings = 0;
			knownRegions = (
				en,
				Base,
			);
			mainGroup = D49726EE1E32BDA50076B7A1;
			productRefGroup = D49726F81E32BDA50076B7A1 /* Products */;
			projectDirPath = "";
			projectRoot = "";
			targets = (
				D49726F61E32BDA50076B7A1 /* StrizhApp */,
			);
		};
/* End PBXProject section */

/* Begin PBXResourcesBuildPhase section */
		D49726F51E32BDA50076B7A1 /* Resources */ = {
			isa = PBXResourcesBuildPhase;
			buildActionMask = 2147483647;
			files = (
				D49727071E32BDA50076B7A1 /* LaunchScreen.storyboard in Resources */,
				D49545CD1E3CF46200EDCF01 /* STLoginAvatarTableViewCell.xib in Resources */,
				D49545D51E3D0B8800EDCF01 /* STLoginSeparatorTableViewCell.xib in Resources */,
				E53185E21E35E5A200BC6C9A /* GoogleService-Info.plist in Resources */,
				D49727041E32BDA50076B7A1 /* Assets.xcassets in Resources */,
				D49545D11E3D064700EDCF01 /* STLoginTextTableViewCell.xib in Resources */,
				E53185E41E35E71900BC6C9A /* strizhapp-78ed2-firebase-crashreporting-fglbu-7f0e978c0f.json in Resources */,
				E53185FF1E364AE700BC6C9A /* STLoginTableViewCell.xib in Resources */,
				D49727021E32BDA50076B7A1 /* Main.storyboard in Resources */,
				E53F37BE1E3A632C00393BAD /* STLoginLogoTableViewCell.xib in Resources */,
			);
			runOnlyForDeploymentPostprocessing = 0;
		};
/* End PBXResourcesBuildPhase section */

/* Begin PBXShellScriptBuildPhase section */
		17190BFA52DEF46BDCFF6DA8 /* [CP] Embed Pods Frameworks */ = {
			isa = PBXShellScriptBuildPhase;
			buildActionMask = 2147483647;
			files = (
			);
			inputPaths = (
			);
			name = "[CP] Embed Pods Frameworks";
			outputPaths = (
			);
			runOnlyForDeploymentPostprocessing = 0;
			shellPath = /bin/sh;
			shellScript = "\"${SRCROOT}/Pods/Target Support Files/Pods-StrizhApp/Pods-StrizhApp-frameworks.sh\"\n";
			showEnvVarsInLog = 0;
		};
		4A24ED632928005EEA7F7AEA /* [CP] Copy Pods Resources */ = {
			isa = PBXShellScriptBuildPhase;
			buildActionMask = 2147483647;
			files = (
			);
			inputPaths = (
			);
			name = "[CP] Copy Pods Resources";
			outputPaths = (
			);
			runOnlyForDeploymentPostprocessing = 0;
			shellPath = /bin/sh;
			shellScript = "\"${SRCROOT}/Pods/Target Support Files/Pods-StrizhApp/Pods-StrizhApp-resources.sh\"\n";
			showEnvVarsInLog = 0;
		};
		B9E4773C0C9B395BCF5B174C /* [CP] Check Pods Manifest.lock */ = {
			isa = PBXShellScriptBuildPhase;
			buildActionMask = 2147483647;
			files = (
			);
			inputPaths = (
			);
			name = "[CP] Check Pods Manifest.lock";
			outputPaths = (
			);
			runOnlyForDeploymentPostprocessing = 0;
			shellPath = /bin/sh;
			shellScript = "diff \"${PODS_ROOT}/../Podfile.lock\" \"${PODS_ROOT}/Manifest.lock\" > /dev/null\nif [ $? != 0 ] ; then\n    # print error to STDERR\n    echo \"error: The sandbox is not in sync with the Podfile.lock. Run 'pod install' or update your CocoaPods installation.\" >&2\n    exit 1\nfi\n";
			showEnvVarsInLog = 0;
		};
		E53185E51E35E72A00BC6C9A /* ShellScript */ = {
			isa = PBXShellScriptBuildPhase;
			buildActionMask = 2147483647;
			files = (
			);
			inputPaths = (
			);
			outputPaths = (
			);
			runOnlyForDeploymentPostprocessing = 0;
			shellPath = /bin/sh;
			shellScript = "# Replace this with the GOOGLE_APP_ID from your GoogleService-Info.plist file\nGOOGLE_APP_ID=1:658913964014:ios:f2ff15fa6aec5f2c\n\n# Replace the /Path/To/ServiceAccount.json with the path to the key you just downloaded\n\"${PODS_ROOT}\"/FirebaseCrash/upload-sym \"${PROJECT_DIR}/StrizhApp/strizhapp-78ed2-firebase-crashreporting-fglbu-7f0e978c0f.json\"";
		};
/* End PBXShellScriptBuildPhase section */

/* Begin PBXSourcesBuildPhase section */
		D49726F31E32BDA50076B7A1 /* Sources */ = {
			isa = PBXSourcesBuildPhase;
			buildActionMask = 2147483647;
			files = (
				D49545CC1E3CF46200EDCF01 /* STLoginAvatarTableViewCell.swift in Sources */,
				E53185DE1E35DF8600BC6C9A /* AppSettings.swift in Sources */,
				D49545D41E3D0B8800EDCF01 /* STLoginSeparatorTableViewCell.swift in Sources */,
				D40A6BE81E3AA7FB00F1D218 /* Extensions.swift in Sources */,
				D49727201E32DCAC0076B7A1 /* STRealmConfiguration.swift in Sources */,
				D497AB531E3BE7C0006A393D /* CountdownTimer.swift in Sources */,
				D49726FF1E32BDA50076B7A1 /* SecondViewController.swift in Sources */,
				D49727171E32D2750076B7A1 /* PRemoteServerApi.swift in Sources */,
				D40A6BE61E3AA7DB00F1D218 /* Router.swift in Sources */,
				E53185FE1E364AE700BC6C9A /* STLoginTableViewCell.swift in Sources */,
				E53185E81E3609B700BC6C9A /* STSingUpTableViewController.swift in Sources */,
				D49726FB1E32BDA50076B7A1 /* AppDelegate.swift in Sources */,
				D49727131E32CA8B0076B7A1 /* STError.swift in Sources */,
				D497271B1E32D9BD0076B7A1 /* STServerApi.swift in Sources */,
				E53F37C01E3A6ADD00393BAD /* STSingUpNavigationController.swift in Sources */,
				D497271E1E32DC700076B7A1 /* PDBConfiguration.swift in Sources */,
				D49727241E32E3CC0076B7A1 /* STAuthorizationError.swift in Sources */,
				D497AB4F1E3BE53A006A393D /* GenericCollectionSectionItem.swift in Sources */,
				E53F37BD1E3A632C00393BAD /* STLoginLogoTableViewCell.swift in Sources */,
				D497AB4C1E3BE53A006A393D /* CollectionSection.swift in Sources */,
				E54D88F41E3BB579005233DB /* RealmExtensions.swift in Sources */,
				D49727221E32DF300076B7A1 /* Session.swift in Sources */,
				D49727101E32C8210076B7A1 /* STWebSocket.swift in Sources */,
				E53F37C31E3A75F900393BAD /* KeyboardNotificationListener.swift in Sources */,
				E53185F71E3612EF00BC6C9A /* STLoadingStatusEnum.swift in Sources */,
				D497AB501E3BE53A006A393D /* GenericTableViewDataSource.swift in Sources */,
				D497AB4E1E3BE53A006A393D /* GenericCollectionSection.swift in Sources */,
				D49545D01E3D064700EDCF01 /* STLoginTextTableViewCell.swift in Sources */,
				D49726FD1E32BDA50076B7A1 /* FirstViewController.swift in Sources */,
				D497AB4D1E3BE53A006A393D /* CollectionSectionItem.swift in Sources */,
				D497AB511E3BE53A006A393D /* TableViewDataSource.swift in Sources */,
				D491AD731E33AD3B00B258C6 /* Registration.swift in Sources */,
			);
			runOnlyForDeploymentPostprocessing = 0;
		};
/* End PBXSourcesBuildPhase section */

/* Begin PBXVariantGroup section */
		D49727001E32BDA50076B7A1 /* Main.storyboard */ = {
			isa = PBXVariantGroup;
			children = (
				D49727011E32BDA50076B7A1 /* Base */,
			);
			name = Main.storyboard;
			sourceTree = "<group>";
		};
		D49727051E32BDA50076B7A1 /* LaunchScreen.storyboard */ = {
			isa = PBXVariantGroup;
			children = (
				D49727061E32BDA50076B7A1 /* Base */,
			);
			name = LaunchScreen.storyboard;
			sourceTree = "<group>";
		};
/* End PBXVariantGroup section */

/* Begin XCBuildConfiguration section */
		D49727091E32BDA50076B7A1 /* Debug */ = {
			isa = XCBuildConfiguration;
			buildSettings = {
				ALWAYS_SEARCH_USER_PATHS = NO;
				CLANG_ANALYZER_NONNULL = YES;
				CLANG_CXX_LANGUAGE_STANDARD = "gnu++0x";
				CLANG_CXX_LIBRARY = "libc++";
				CLANG_ENABLE_MODULES = YES;
				CLANG_ENABLE_OBJC_ARC = YES;
				CLANG_WARN_BOOL_CONVERSION = YES;
				CLANG_WARN_CONSTANT_CONVERSION = YES;
				CLANG_WARN_DIRECT_OBJC_ISA_USAGE = YES_ERROR;
				CLANG_WARN_DOCUMENTATION_COMMENTS = YES;
				CLANG_WARN_EMPTY_BODY = YES;
				CLANG_WARN_ENUM_CONVERSION = YES;
				CLANG_WARN_INFINITE_RECURSION = YES;
				CLANG_WARN_INT_CONVERSION = YES;
				CLANG_WARN_OBJC_ROOT_CLASS = YES_ERROR;
				CLANG_WARN_SUSPICIOUS_MOVE = YES;
				CLANG_WARN_UNREACHABLE_CODE = YES;
				CLANG_WARN__DUPLICATE_METHOD_MATCH = YES;
				"CODE_SIGN_IDENTITY[sdk=iphoneos*]" = "iPhone Developer";
				COPY_PHASE_STRIP = NO;
				DEBUG_INFORMATION_FORMAT = dwarf;
				ENABLE_STRICT_OBJC_MSGSEND = YES;
				ENABLE_TESTABILITY = YES;
				GCC_C_LANGUAGE_STANDARD = gnu99;
				GCC_DYNAMIC_NO_PIC = NO;
				GCC_NO_COMMON_BLOCKS = YES;
				GCC_OPTIMIZATION_LEVEL = 0;
				GCC_PREPROCESSOR_DEFINITIONS = (
					"DEBUG=1",
					"$(inherited)",
				);
				GCC_WARN_64_TO_32_BIT_CONVERSION = YES;
				GCC_WARN_ABOUT_RETURN_TYPE = YES_ERROR;
				GCC_WARN_UNDECLARED_SELECTOR = YES;
				GCC_WARN_UNINITIALIZED_AUTOS = YES_AGGRESSIVE;
				GCC_WARN_UNUSED_FUNCTION = YES;
				GCC_WARN_UNUSED_VARIABLE = YES;
				IPHONEOS_DEPLOYMENT_TARGET = 10.2;
				MTL_ENABLE_DEBUG_INFO = YES;
				ONLY_ACTIVE_ARCH = YES;
				SDKROOT = iphoneos;
				SWIFT_ACTIVE_COMPILATION_CONDITIONS = DEBUG;
				SWIFT_OPTIMIZATION_LEVEL = "-Onone";
			};
			name = Debug;
		};
		D497270A1E32BDA50076B7A1 /* Release */ = {
			isa = XCBuildConfiguration;
			buildSettings = {
				ALWAYS_SEARCH_USER_PATHS = NO;
				CLANG_ANALYZER_NONNULL = YES;
				CLANG_CXX_LANGUAGE_STANDARD = "gnu++0x";
				CLANG_CXX_LIBRARY = "libc++";
				CLANG_ENABLE_MODULES = YES;
				CLANG_ENABLE_OBJC_ARC = YES;
				CLANG_WARN_BOOL_CONVERSION = YES;
				CLANG_WARN_CONSTANT_CONVERSION = YES;
				CLANG_WARN_DIRECT_OBJC_ISA_USAGE = YES_ERROR;
				CLANG_WARN_DOCUMENTATION_COMMENTS = YES;
				CLANG_WARN_EMPTY_BODY = YES;
				CLANG_WARN_ENUM_CONVERSION = YES;
				CLANG_WARN_INFINITE_RECURSION = YES;
				CLANG_WARN_INT_CONVERSION = YES;
				CLANG_WARN_OBJC_ROOT_CLASS = YES_ERROR;
				CLANG_WARN_SUSPICIOUS_MOVE = YES;
				CLANG_WARN_UNREACHABLE_CODE = YES;
				CLANG_WARN__DUPLICATE_METHOD_MATCH = YES;
				"CODE_SIGN_IDENTITY[sdk=iphoneos*]" = "iPhone Developer";
				COPY_PHASE_STRIP = NO;
				DEBUG_INFORMATION_FORMAT = "dwarf-with-dsym";
				ENABLE_NS_ASSERTIONS = NO;
				ENABLE_STRICT_OBJC_MSGSEND = YES;
				GCC_C_LANGUAGE_STANDARD = gnu99;
				GCC_NO_COMMON_BLOCKS = YES;
				GCC_WARN_64_TO_32_BIT_CONVERSION = YES;
				GCC_WARN_ABOUT_RETURN_TYPE = YES_ERROR;
				GCC_WARN_UNDECLARED_SELECTOR = YES;
				GCC_WARN_UNINITIALIZED_AUTOS = YES_AGGRESSIVE;
				GCC_WARN_UNUSED_FUNCTION = YES;
				GCC_WARN_UNUSED_VARIABLE = YES;
				IPHONEOS_DEPLOYMENT_TARGET = 10.2;
				MTL_ENABLE_DEBUG_INFO = NO;
				SDKROOT = iphoneos;
				SWIFT_OPTIMIZATION_LEVEL = "-Owholemodule";
				VALIDATE_PRODUCT = YES;
			};
			name = Release;
		};
		D497270C1E32BDA50076B7A1 /* Debug */ = {
			isa = XCBuildConfiguration;
			baseConfigurationReference = 3E8A8787F4373C051854C7D5 /* Pods-StrizhApp.debug.xcconfig */;
			buildSettings = {
				ASSETCATALOG_COMPILER_APPICON_NAME = AppIcon;
				"CODE_SIGN_IDENTITY[sdk=iphoneos*]" = "iPhone Developer";
				DEVELOPMENT_TEAM = KNW26GDP3V;
				INFOPLIST_FILE = StrizhApp/Info.plist;
				IPHONEOS_DEPLOYMENT_TARGET = 9.3;
				LD_RUNPATH_SEARCH_PATHS = "$(inherited) @executable_path/Frameworks";
				PRODUCT_BUNDLE_IDENTIFIER = com.strizh.StrizhApp;
				PRODUCT_NAME = "$(TARGET_NAME)";
				SWIFT_VERSION = 3.0;
			};
			name = Debug;
		};
		D497270D1E32BDA50076B7A1 /* Release */ = {
			isa = XCBuildConfiguration;
			baseConfigurationReference = F00E8042FB9C8BEBFEB8BA5E /* Pods-StrizhApp.release.xcconfig */;
			buildSettings = {
				ASSETCATALOG_COMPILER_APPICON_NAME = AppIcon;
				"CODE_SIGN_IDENTITY[sdk=iphoneos*]" = "iPhone Developer";
				DEVELOPMENT_TEAM = KNW26GDP3V;
				INFOPLIST_FILE = StrizhApp/Info.plist;
				IPHONEOS_DEPLOYMENT_TARGET = 9.3;
				LD_RUNPATH_SEARCH_PATHS = "$(inherited) @executable_path/Frameworks";
				PRODUCT_BUNDLE_IDENTIFIER = com.strizh.StrizhApp;
				PRODUCT_NAME = "$(TARGET_NAME)";
				SWIFT_VERSION = 3.0;
			};
			name = Release;
		};
/* End XCBuildConfiguration section */

/* Begin XCConfigurationList section */
		D49726F21E32BDA50076B7A1 /* Build configuration list for PBXProject "StrizhApp" */ = {
			isa = XCConfigurationList;
			buildConfigurations = (
				D49727091E32BDA50076B7A1 /* Debug */,
				D497270A1E32BDA50076B7A1 /* Release */,
			);
			defaultConfigurationIsVisible = 0;
			defaultConfigurationName = Release;
		};
		D497270B1E32BDA50076B7A1 /* Build configuration list for PBXNativeTarget "StrizhApp" */ = {
			isa = XCConfigurationList;
			buildConfigurations = (
				D497270C1E32BDA50076B7A1 /* Debug */,
				D497270D1E32BDA50076B7A1 /* Release */,
			);
			defaultConfigurationIsVisible = 0;
			defaultConfigurationName = Release;
		};
/* End XCConfigurationList section */
	};
	rootObject = D49726EF1E32BDA50076B7A1 /* Project object */;
}
